// !$*UTF8*$!
{
	archiveVersion = 1;
	classes = {
	};
	objectVersion = 56;
	objects = {

/* Begin PBXBuildFile section */
		B85C6C192D00EA5B00B984CC /* Constant.swift in Sources */ = {isa = PBXBuildFile; fileRef = B85C6C182D00EA5B00B984CC /* Constant.swift */; };
		B85C6C262D00F30C00B984CC /* GothamRoundedBold_21016.ttf in Resources */ = {isa = PBXBuildFile; fileRef = B85C6C232D00F30C00B984CC /* GothamRoundedBold_21016.ttf */; };
		B85C6C272D00F30C00B984CC /* GothamRoundedLight_21020.ttf in Resources */ = {isa = PBXBuildFile; fileRef = B85C6C242D00F30C00B984CC /* GothamRoundedLight_21020.ttf */; };
		B85C6C282D00F30C00B984CC /* GothamRoundedBook_21018.ttf in Resources */ = {isa = PBXBuildFile; fileRef = B85C6C252D00F30C00B984CC /* GothamRoundedBook_21018.ttf */; };
		B85C6C2B2D00F54D00B984CC /* GothamRounded-Bold.otf in Resources */ = {isa = PBXBuildFile; fileRef = B85C6C2A2D00F54D00B984CC /* GothamRounded-Bold.otf */; };
		B85C6C302D00F7D700B984CC /* Gotham-BookItalic.otf in Resources */ = {isa = PBXBuildFile; fileRef = B85C6C2C2D00F7D600B984CC /* Gotham-BookItalic.otf */; };
		B85C6C312D00F7D700B984CC /* Gotham-Light.otf in Resources */ = {isa = PBXBuildFile; fileRef = B85C6C2D2D00F7D600B984CC /* Gotham-Light.otf */; };
		B85C6C322D00F7D700B984CC /* Gotham-Bold.otf in Resources */ = {isa = PBXBuildFile; fileRef = B85C6C2E2D00F7D700B984CC /* Gotham-Bold.otf */; };
		B85C6C332D00F7D700B984CC /* Gotham-Black.otf in Resources */ = {isa = PBXBuildFile; fileRef = B85C6C2F2D00F7D700B984CC /* Gotham-Black.otf */; };
		B85C6C352D00F88900B984CC /* Gotham-Thin.otf in Resources */ = {isa = PBXBuildFile; fileRef = B85C6C342D00F88900B984CC /* Gotham-Thin.otf */; };
		B85C6C372D00F91B00B984CC /* GothamMedium.ttf in Resources */ = {isa = PBXBuildFile; fileRef = B85C6C362D00F91B00B984CC /* GothamMedium.ttf */; };
		B866CF5E2CFF976300C593FD /* Around_EgyptApp.swift in Sources */ = {isa = PBXBuildFile; fileRef = B866CF5D2CFF976300C593FD /* Around_EgyptApp.swift */; };
		B866CF602CFF976300C593FD /* HomeView.swift in Sources */ = {isa = PBXBuildFile; fileRef = B866CF5F2CFF976300C593FD /* HomeView.swift */; };
		B866CF622CFF976400C593FD /* Assets.xcassets in Resources */ = {isa = PBXBuildFile; fileRef = B866CF612CFF976400C593FD /* Assets.xcassets */; };
		B866CF652CFF976400C593FD /* Preview Assets.xcassets in Resources */ = {isa = PBXBuildFile; fileRef = B866CF642CFF976400C593FD /* Preview Assets.xcassets */; };
		B866CF672CFF976400C593FD /* Persistence.swift in Sources */ = {isa = PBXBuildFile; fileRef = B866CF662CFF976400C593FD /* Persistence.swift */; };
		B866CF6A2CFF976400C593FD /* Around_Egypt.xcdatamodeld in Sources */ = {isa = PBXBuildFile; fileRef = B866CF682CFF976400C593FD /* Around_Egypt.xcdatamodeld */; };
		B866CF742CFF976400C593FD /* Around_EgyptTests.swift in Sources */ = {isa = PBXBuildFile; fileRef = B866CF732CFF976400C593FD /* Around_EgyptTests.swift */; };
		B866CF7E2CFF976400C593FD /* Around_EgyptUITests.swift in Sources */ = {isa = PBXBuildFile; fileRef = B866CF7D2CFF976400C593FD /* Around_EgyptUITests.swift */; };
		B866CF802CFF976400C593FD /* Around_EgyptUITestsLaunchTests.swift in Sources */ = {isa = PBXBuildFile; fileRef = B866CF7F2CFF976400C593FD /* Around_EgyptUITestsLaunchTests.swift */; };
/* End PBXBuildFile section */

/* Begin PBXContainerItemProxy section */
		B866CF702CFF976400C593FD /* PBXContainerItemProxy */ = {
			isa = PBXContainerItemProxy;
			containerPortal = B866CF522CFF976300C593FD /* Project object */;
			proxyType = 1;
			remoteGlobalIDString = B866CF592CFF976300C593FD;
			remoteInfo = "Around Egypt";
		};
		B866CF7A2CFF976400C593FD /* PBXContainerItemProxy */ = {
			isa = PBXContainerItemProxy;
			containerPortal = B866CF522CFF976300C593FD /* Project object */;
			proxyType = 1;
			remoteGlobalIDString = B866CF592CFF976300C593FD;
			remoteInfo = "Around Egypt";
		};
/* End PBXContainerItemProxy section */

/* Begin PBXFileReference section */
		B85C6C182D00EA5B00B984CC /* Constant.swift */ = {isa = PBXFileReference; lastKnownFileType = sourcecode.swift; path = Constant.swift; sourceTree = "<group>"; };
		B85C6C232D00F30C00B984CC /* GothamRoundedBold_21016.ttf */ = {isa = PBXFileReference; lastKnownFileType = file; path = GothamRoundedBold_21016.ttf; sourceTree = "<group>"; };
		B85C6C242D00F30C00B984CC /* GothamRoundedLight_21020.ttf */ = {isa = PBXFileReference; lastKnownFileType = file; path = GothamRoundedLight_21020.ttf; sourceTree = "<group>"; };
		B85C6C252D00F30C00B984CC /* GothamRoundedBook_21018.ttf */ = {isa = PBXFileReference; lastKnownFileType = file; path = GothamRoundedBook_21018.ttf; sourceTree = "<group>"; };
		B85C6C292D00F37900B984CC /* Around-Egypt-Info.plist */ = {isa = PBXFileReference; lastKnownFileType = text.plist; path = "Around-Egypt-Info.plist"; sourceTree = SOURCE_ROOT; };
		B85C6C2A2D00F54D00B984CC /* GothamRounded-Bold.otf */ = {isa = PBXFileReference; lastKnownFileType = file; path = "GothamRounded-Bold.otf"; sourceTree = "<group>"; };
		B85C6C2C2D00F7D600B984CC /* Gotham-BookItalic.otf */ = {isa = PBXFileReference; lastKnownFileType = file; path = "Gotham-BookItalic.otf"; sourceTree = "<group>"; };
		B85C6C2D2D00F7D600B984CC /* Gotham-Light.otf */ = {isa = PBXFileReference; lastKnownFileType = file; path = "Gotham-Light.otf"; sourceTree = "<group>"; };
		B85C6C2E2D00F7D700B984CC /* Gotham-Bold.otf */ = {isa = PBXFileReference; lastKnownFileType = file; path = "Gotham-Bold.otf"; sourceTree = "<group>"; };
		B85C6C2F2D00F7D700B984CC /* Gotham-Black.otf */ = {isa = PBXFileReference; lastKnownFileType = file; path = "Gotham-Black.otf"; sourceTree = "<group>"; };
		B85C6C342D00F88900B984CC /* Gotham-Thin.otf */ = {isa = PBXFileReference; lastKnownFileType = file; path = "Gotham-Thin.otf"; sourceTree = "<group>"; };
		B85C6C362D00F91B00B984CC /* GothamMedium.ttf */ = {isa = PBXFileReference; lastKnownFileType = file; path = GothamMedium.ttf; sourceTree = "<group>"; };
		B866CF5A2CFF976300C593FD /* Around Egypt.app */ = {isa = PBXFileReference; explicitFileType = wrapper.application; includeInIndex = 0; path = "Around Egypt.app"; sourceTree = BUILT_PRODUCTS_DIR; };
		B866CF5D2CFF976300C593FD /* Around_EgyptApp.swift */ = {isa = PBXFileReference; lastKnownFileType = sourcecode.swift; path = Around_EgyptApp.swift; sourceTree = "<group>"; };
		B866CF5F2CFF976300C593FD /* HomeView.swift */ = {isa = PBXFileReference; lastKnownFileType = sourcecode.swift; path = HomeView.swift; sourceTree = "<group>"; };
		B866CF612CFF976400C593FD /* Assets.xcassets */ = {isa = PBXFileReference; lastKnownFileType = folder.assetcatalog; path = Assets.xcassets; sourceTree = "<group>"; };
		B866CF642CFF976400C593FD /* Preview Assets.xcassets */ = {isa = PBXFileReference; lastKnownFileType = folder.assetcatalog; path = "Preview Assets.xcassets"; sourceTree = "<group>"; };
		B866CF662CFF976400C593FD /* Persistence.swift */ = {isa = PBXFileReference; lastKnownFileType = sourcecode.swift; path = Persistence.swift; sourceTree = "<group>"; };
		B866CF692CFF976400C593FD /* Around_Egypt.xcdatamodel */ = {isa = PBXFileReference; lastKnownFileType = wrapper.xcdatamodel; path = Around_Egypt.xcdatamodel; sourceTree = "<group>"; };
		B866CF6F2CFF976400C593FD /* Around EgyptTests.xctest */ = {isa = PBXFileReference; explicitFileType = wrapper.cfbundle; includeInIndex = 0; path = "Around EgyptTests.xctest"; sourceTree = BUILT_PRODUCTS_DIR; };
		B866CF732CFF976400C593FD /* Around_EgyptTests.swift */ = {isa = PBXFileReference; lastKnownFileType = sourcecode.swift; path = Around_EgyptTests.swift; sourceTree = "<group>"; };
		B866CF792CFF976400C593FD /* Around EgyptUITests.xctest */ = {isa = PBXFileReference; explicitFileType = wrapper.cfbundle; includeInIndex = 0; path = "Around EgyptUITests.xctest"; sourceTree = BUILT_PRODUCTS_DIR; };
		B866CF7D2CFF976400C593FD /* Around_EgyptUITests.swift */ = {isa = PBXFileReference; lastKnownFileType = sourcecode.swift; path = Around_EgyptUITests.swift; sourceTree = "<group>"; };
		B866CF7F2CFF976400C593FD /* Around_EgyptUITestsLaunchTests.swift */ = {isa = PBXFileReference; lastKnownFileType = sourcecode.swift; path = Around_EgyptUITestsLaunchTests.swift; sourceTree = "<group>"; };
/* End PBXFileReference section */

/* Begin PBXFrameworksBuildPhase section */
		B866CF572CFF976300C593FD /* Frameworks */ = {
			isa = PBXFrameworksBuildPhase;
			buildActionMask = 2147483647;
			files = (
			);
			runOnlyForDeploymentPostprocessing = 0;
		};
		B866CF6C2CFF976400C593FD /* Frameworks */ = {
			isa = PBXFrameworksBuildPhase;
			buildActionMask = 2147483647;
			files = (
			);
			runOnlyForDeploymentPostprocessing = 0;
		};
		B866CF762CFF976400C593FD /* Frameworks */ = {
			isa = PBXFrameworksBuildPhase;
			buildActionMask = 2147483647;
			files = (
			);
			runOnlyForDeploymentPostprocessing = 0;
		};
/* End PBXFrameworksBuildPhase section */

/* Begin PBXGroup section */
		B85C6C172D00EA4900B984CC /* Constants */ = {
			isa = PBXGroup;
			children = (
				B85C6C182D00EA5B00B984CC /* Constant.swift */,
			);
			path = Constants;
			sourceTree = "<group>";
		};
		B85C6C1A2D00EAC700B984CC /* Home */ = {
			isa = PBXGroup;
			children = (
				B85C6C1C2D00EADD00B984CC /* HomeView */,
				B85C6C1B2D00EACF00B984CC /* HomeViewModel */,
			);
			path = Home;
			sourceTree = "<group>";
		};
		B85C6C1B2D00EACF00B984CC /* HomeViewModel */ = {
			isa = PBXGroup;
			children = (
			);
			path = HomeViewModel;
			sourceTree = "<group>";
		};
		B85C6C1C2D00EADD00B984CC /* HomeView */ = {
			isa = PBXGroup;
			children = (
				B866CF5F2CFF976300C593FD /* HomeView.swift */,
			);
			path = HomeView;
			sourceTree = "<group>";
		};
		B85C6C1D2D00EAFB00B984CC /* Experience */ = {
			isa = PBXGroup;
			children = (
				B85C6C1F2D00EB0F00B984CC /* ExperienceView */,
				B85C6C1E2D00EB0400B984CC /* ExperienceViewModel */,
			);
			path = Experience;
			sourceTree = "<group>";
		};
		B85C6C1E2D00EB0400B984CC /* ExperienceViewModel */ = {
			isa = PBXGroup;
			children = (
			);
			path = ExperienceViewModel;
			sourceTree = "<group>";
		};
		B85C6C1F2D00EB0F00B984CC /* ExperienceView */ = {
			isa = PBXGroup;
			children = (
			);
			path = ExperienceView;
			sourceTree = "<group>";
		};
		B85C6C202D00EB2A00B984CC /* Services */ = {
			isa = PBXGroup;
			children = (
			);
			path = Services;
			sourceTree = "<group>";
		};
		B85C6C212D00EB3E00B984CC /* Model */ = {
			isa = PBXGroup;
			children = (
			);
			path = Model;
			sourceTree = "<group>";
		};
		B85C6C222D00F2F100B984CC /* Fonts */ = {
			isa = PBXGroup;
			children = (
				B85C6C2A2D00F54D00B984CC /* GothamRounded-Bold.otf */,
				B85C6C2F2D00F7D700B984CC /* Gotham-Black.otf */,
				B85C6C362D00F91B00B984CC /* GothamMedium.ttf */,
				B85C6C2E2D00F7D700B984CC /* Gotham-Bold.otf */,
				B85C6C2C2D00F7D600B984CC /* Gotham-BookItalic.otf */,
				B85C6C342D00F88900B984CC /* Gotham-Thin.otf */,
				B85C6C2D2D00F7D600B984CC /* Gotham-Light.otf */,
				B85C6C232D00F30C00B984CC /* GothamRoundedBold_21016.ttf */,
				B85C6C252D00F30C00B984CC /* GothamRoundedBook_21018.ttf */,
				B85C6C242D00F30C00B984CC /* GothamRoundedLight_21020.ttf */,
			);
			path = Fonts;
			sourceTree = "<group>";
		};
		B866CF512CFF976300C593FD = {
			isa = PBXGroup;
			children = (
				B866CF5C2CFF976300C593FD /* Around Egypt */,
				B866CF722CFF976400C593FD /* Around EgyptTests */,
				B866CF7C2CFF976400C593FD /* Around EgyptUITests */,
				B866CF5B2CFF976300C593FD /* Products */,
			);
			sourceTree = "<group>";
		};
		B866CF5B2CFF976300C593FD /* Products */ = {
			isa = PBXGroup;
			children = (
				B866CF5A2CFF976300C593FD /* Around Egypt.app */,
				B866CF6F2CFF976400C593FD /* Around EgyptTests.xctest */,
				B866CF792CFF976400C593FD /* Around EgyptUITests.xctest */,
			);
			name = Products;
			sourceTree = "<group>";
		};
		B866CF5C2CFF976300C593FD /* Around Egypt */ = {
			isa = PBXGroup;
			children = (
				B85C6C292D00F37900B984CC /* Around-Egypt-Info.plist */,
				B85C6C222D00F2F100B984CC /* Fonts */,
				B85C6C212D00EB3E00B984CC /* Model */,
				B85C6C202D00EB2A00B984CC /* Services */,
				B85C6C1D2D00EAFB00B984CC /* Experience */,
				B85C6C1A2D00EAC700B984CC /* Home */,
				B85C6C172D00EA4900B984CC /* Constants */,
				B866CF5D2CFF976300C593FD /* Around_EgyptApp.swift */,
				B866CF612CFF976400C593FD /* Assets.xcassets */,
				B866CF662CFF976400C593FD /* Persistence.swift */,
				B866CF682CFF976400C593FD /* Around_Egypt.xcdatamodeld */,
				B866CF632CFF976400C593FD /* Preview Content */,
			);
			path = "Around Egypt";
			sourceTree = "<group>";
		};
		B866CF632CFF976400C593FD /* Preview Content */ = {
			isa = PBXGroup;
			children = (
				B866CF642CFF976400C593FD /* Preview Assets.xcassets */,
			);
			path = "Preview Content";
			sourceTree = "<group>";
		};
		B866CF722CFF976400C593FD /* Around EgyptTests */ = {
			isa = PBXGroup;
			children = (
				B866CF732CFF976400C593FD /* Around_EgyptTests.swift */,
			);
			path = "Around EgyptTests";
			sourceTree = "<group>";
		};
		B866CF7C2CFF976400C593FD /* Around EgyptUITests */ = {
			isa = PBXGroup;
			children = (
				B866CF7D2CFF976400C593FD /* Around_EgyptUITests.swift */,
				B866CF7F2CFF976400C593FD /* Around_EgyptUITestsLaunchTests.swift */,
			);
			path = "Around EgyptUITests";
			sourceTree = "<group>";
		};
/* End PBXGroup section */

/* Begin PBXNativeTarget section */
		B866CF592CFF976300C593FD /* Around Egypt */ = {
			isa = PBXNativeTarget;
			buildConfigurationList = B866CF832CFF976400C593FD /* Build configuration list for PBXNativeTarget "Around Egypt" */;
			buildPhases = (
				B866CF562CFF976300C593FD /* Sources */,
				B866CF572CFF976300C593FD /* Frameworks */,
				B866CF582CFF976300C593FD /* Resources */,
			);
			buildRules = (
			);
			dependencies = (
			);
			name = "Around Egypt";
			productName = "Around Egypt";
			productReference = B866CF5A2CFF976300C593FD /* Around Egypt.app */;
			productType = "com.apple.product-type.application";
		};
		B866CF6E2CFF976400C593FD /* Around EgyptTests */ = {
			isa = PBXNativeTarget;
			buildConfigurationList = B866CF862CFF976400C593FD /* Build configuration list for PBXNativeTarget "Around EgyptTests" */;
			buildPhases = (
				B866CF6B2CFF976400C593FD /* Sources */,
				B866CF6C2CFF976400C593FD /* Frameworks */,
				B866CF6D2CFF976400C593FD /* Resources */,
			);
			buildRules = (
			);
			dependencies = (
				B866CF712CFF976400C593FD /* PBXTargetDependency */,
			);
			name = "Around EgyptTests";
			productName = "Around EgyptTests";
			productReference = B866CF6F2CFF976400C593FD /* Around EgyptTests.xctest */;
			productType = "com.apple.product-type.bundle.unit-test";
		};
		B866CF782CFF976400C593FD /* Around EgyptUITests */ = {
			isa = PBXNativeTarget;
			buildConfigurationList = B866CF892CFF976400C593FD /* Build configuration list for PBXNativeTarget "Around EgyptUITests" */;
			buildPhases = (
				B866CF752CFF976400C593FD /* Sources */,
				B866CF762CFF976400C593FD /* Frameworks */,
				B866CF772CFF976400C593FD /* Resources */,
			);
			buildRules = (
			);
			dependencies = (
				B866CF7B2CFF976400C593FD /* PBXTargetDependency */,
			);
			name = "Around EgyptUITests";
			productName = "Around EgyptUITests";
			productReference = B866CF792CFF976400C593FD /* Around EgyptUITests.xctest */;
			productType = "com.apple.product-type.bundle.ui-testing";
		};
/* End PBXNativeTarget section */

/* Begin PBXProject section */
		B866CF522CFF976300C593FD /* Project object */ = {
			isa = PBXProject;
			attributes = {
				BuildIndependentTargetsInParallel = 1;
				LastSwiftUpdateCheck = 1430;
				LastUpgradeCheck = 1430;
				TargetAttributes = {
					B866CF592CFF976300C593FD = {
						CreatedOnToolsVersion = 14.3.1;
					};
					B866CF6E2CFF976400C593FD = {
						CreatedOnToolsVersion = 14.3.1;
						TestTargetID = B866CF592CFF976300C593FD;
					};
					B866CF782CFF976400C593FD = {
						CreatedOnToolsVersion = 14.3.1;
						TestTargetID = B866CF592CFF976300C593FD;
					};
				};
			};
			buildConfigurationList = B866CF552CFF976300C593FD /* Build configuration list for PBXProject "Around Egypt" */;
			compatibilityVersion = "Xcode 14.0";
			developmentRegion = en;
			hasScannedForEncodings = 0;
			knownRegions = (
				en,
				Base,
			);
			mainGroup = B866CF512CFF976300C593FD;
			productRefGroup = B866CF5B2CFF976300C593FD /* Products */;
			projectDirPath = "";
			projectRoot = "";
			targets = (
				B866CF592CFF976300C593FD /* Around Egypt */,
				B866CF6E2CFF976400C593FD /* Around EgyptTests */,
				B866CF782CFF976400C593FD /* Around EgyptUITests */,
			);
		};
/* End PBXProject section */

/* Begin PBXResourcesBuildPhase section */
		B866CF582CFF976300C593FD /* Resources */ = {
			isa = PBXResourcesBuildPhase;
			buildActionMask = 2147483647;
			files = (
				B866CF652CFF976400C593FD /* Preview Assets.xcassets in Resources */,
				B85C6C272D00F30C00B984CC /* GothamRoundedLight_21020.ttf in Resources */,
				B85C6C302D00F7D700B984CC /* Gotham-BookItalic.otf in Resources */,
				B85C6C332D00F7D700B984CC /* Gotham-Black.otf in Resources */,
				B85C6C2B2D00F54D00B984CC /* GothamRounded-Bold.otf in Resources */,
				B85C6C312D00F7D700B984CC /* Gotham-Light.otf in Resources */,
				B85C6C352D00F88900B984CC /* Gotham-Thin.otf in Resources */,
				B85C6C282D00F30C00B984CC /* GothamRoundedBook_21018.ttf in Resources */,
				B85C6C322D00F7D700B984CC /* Gotham-Bold.otf in Resources */,
				B85C6C372D00F91B00B984CC /* GothamMedium.ttf in Resources */,
				B866CF622CFF976400C593FD /* Assets.xcassets in Resources */,
				B85C6C262D00F30C00B984CC /* GothamRoundedBold_21016.ttf in Resources */,
			);
			runOnlyForDeploymentPostprocessing = 0;
		};
		B866CF6D2CFF976400C593FD /* Resources */ = {
			isa = PBXResourcesBuildPhase;
			buildActionMask = 2147483647;
			files = (
			);
			runOnlyForDeploymentPostprocessing = 0;
		};
		B866CF772CFF976400C593FD /* Resources */ = {
			isa = PBXResourcesBuildPhase;
			buildActionMask = 2147483647;
			files = (
			);
			runOnlyForDeploymentPostprocessing = 0;
		};
/* End PBXResourcesBuildPhase section */

/* Begin PBXSourcesBuildPhase section */
		B866CF562CFF976300C593FD /* Sources */ = {
			isa = PBXSourcesBuildPhase;
			buildActionMask = 2147483647;
			files = (
				B866CF672CFF976400C593FD /* Persistence.swift in Sources */,
				B866CF602CFF976300C593FD /* HomeView.swift in Sources */,
				B85C6C192D00EA5B00B984CC /* Constant.swift in Sources */,
				B866CF6A2CFF976400C593FD /* Around_Egypt.xcdatamodeld in Sources */,
				B866CF5E2CFF976300C593FD /* Around_EgyptApp.swift in Sources */,
			);
			runOnlyForDeploymentPostprocessing = 0;
		};
		B866CF6B2CFF976400C593FD /* Sources */ = {
			isa = PBXSourcesBuildPhase;
			buildActionMask = 2147483647;
			files = (
				B866CF742CFF976400C593FD /* Around_EgyptTests.swift in Sources */,
			);
			runOnlyForDeploymentPostprocessing = 0;
		};
		B866CF752CFF976400C593FD /* Sources */ = {
			isa = PBXSourcesBuildPhase;
			buildActionMask = 2147483647;
			files = (
				B866CF7E2CFF976400C593FD /* Around_EgyptUITests.swift in Sources */,
				B866CF802CFF976400C593FD /* Around_EgyptUITestsLaunchTests.swift in Sources */,
			);
			runOnlyForDeploymentPostprocessing = 0;
		};
/* End PBXSourcesBuildPhase section */

/* Begin PBXTargetDependency section */
		B866CF712CFF976400C593FD /* PBXTargetDependency */ = {
			isa = PBXTargetDependency;
			target = B866CF592CFF976300C593FD /* Around Egypt */;
			targetProxy = B866CF702CFF976400C593FD /* PBXContainerItemProxy */;
		};
		B866CF7B2CFF976400C593FD /* PBXTargetDependency */ = {
			isa = PBXTargetDependency;
			target = B866CF592CFF976300C593FD /* Around Egypt */;
			targetProxy = B866CF7A2CFF976400C593FD /* PBXContainerItemProxy */;
		};
/* End PBXTargetDependency section */

/* Begin XCBuildConfiguration section */
		B866CF812CFF976400C593FD /* Debug */ = {
			isa = XCBuildConfiguration;
			buildSettings = {
				ALWAYS_SEARCH_USER_PATHS = NO;
				CLANG_ANALYZER_NONNULL = YES;
				CLANG_ANALYZER_NUMBER_OBJECT_CONVERSION = YES_AGGRESSIVE;
				CLANG_CXX_LANGUAGE_STANDARD = "gnu++20";
				CLANG_ENABLE_MODULES = YES;
				CLANG_ENABLE_OBJC_ARC = YES;
				CLANG_ENABLE_OBJC_WEAK = YES;
				CLANG_WARN_BLOCK_CAPTURE_AUTORELEASING = YES;
				CLANG_WARN_BOOL_CONVERSION = YES;
				CLANG_WARN_COMMA = YES;
				CLANG_WARN_CONSTANT_CONVERSION = YES;
				CLANG_WARN_DEPRECATED_OBJC_IMPLEMENTATIONS = YES;
				CLANG_WARN_DIRECT_OBJC_ISA_USAGE = YES_ERROR;
				CLANG_WARN_DOCUMENTATION_COMMENTS = YES;
				CLANG_WARN_EMPTY_BODY = YES;
				CLANG_WARN_ENUM_CONVERSION = YES;
				CLANG_WARN_INFINITE_RECURSION = YES;
				CLANG_WARN_INT_CONVERSION = YES;
				CLANG_WARN_NON_LITERAL_NULL_CONVERSION = YES;
				CLANG_WARN_OBJC_IMPLICIT_RETAIN_SELF = YES;
				CLANG_WARN_OBJC_LITERAL_CONVERSION = YES;
				CLANG_WARN_OBJC_ROOT_CLASS = YES_ERROR;
				CLANG_WARN_QUOTED_INCLUDE_IN_FRAMEWORK_HEADER = YES;
				CLANG_WARN_RANGE_LOOP_ANALYSIS = YES;
				CLANG_WARN_STRICT_PROTOTYPES = YES;
				CLANG_WARN_SUSPICIOUS_MOVE = YES;
				CLANG_WARN_UNGUARDED_AVAILABILITY = YES_AGGRESSIVE;
				CLANG_WARN_UNREACHABLE_CODE = YES;
				CLANG_WARN__DUPLICATE_METHOD_MATCH = YES;
				COPY_PHASE_STRIP = NO;
				DEBUG_INFORMATION_FORMAT = dwarf;
				ENABLE_STRICT_OBJC_MSGSEND = YES;
				ENABLE_TESTABILITY = YES;
				GCC_C_LANGUAGE_STANDARD = gnu11;
				GCC_DYNAMIC_NO_PIC = NO;
				GCC_NO_COMMON_BLOCKS = YES;
				GCC_OPTIMIZATION_LEVEL = 0;
				GCC_PREPROCESSOR_DEFINITIONS = (
					"DEBUG=1",
					"$(inherited)",
				);
				GCC_WARN_64_TO_32_BIT_CONVERSION = YES;
				GCC_WARN_ABOUT_RETURN_TYPE = YES_ERROR;
				GCC_WARN_UNDECLARED_SELECTOR = YES;
				GCC_WARN_UNINITIALIZED_AUTOS = YES_AGGRESSIVE;
				GCC_WARN_UNUSED_FUNCTION = YES;
				GCC_WARN_UNUSED_VARIABLE = YES;
				IPHONEOS_DEPLOYMENT_TARGET = 16.4;
				MTL_ENABLE_DEBUG_INFO = INCLUDE_SOURCE;
				MTL_FAST_MATH = YES;
				ONLY_ACTIVE_ARCH = YES;
				SDKROOT = iphoneos;
				SWIFT_ACTIVE_COMPILATION_CONDITIONS = DEBUG;
				SWIFT_OPTIMIZATION_LEVEL = "-Onone";
			};
			name = Debug;
		};
		B866CF822CFF976400C593FD /* Release */ = {
			isa = XCBuildConfiguration;
			buildSettings = {
				ALWAYS_SEARCH_USER_PATHS = NO;
				CLANG_ANALYZER_NONNULL = YES;
				CLANG_ANALYZER_NUMBER_OBJECT_CONVERSION = YES_AGGRESSIVE;
				CLANG_CXX_LANGUAGE_STANDARD = "gnu++20";
				CLANG_ENABLE_MODULES = YES;
				CLANG_ENABLE_OBJC_ARC = YES;
				CLANG_ENABLE_OBJC_WEAK = YES;
				CLANG_WARN_BLOCK_CAPTURE_AUTORELEASING = YES;
				CLANG_WARN_BOOL_CONVERSION = YES;
				CLANG_WARN_COMMA = YES;
				CLANG_WARN_CONSTANT_CONVERSION = YES;
				CLANG_WARN_DEPRECATED_OBJC_IMPLEMENTATIONS = YES;
				CLANG_WARN_DIRECT_OBJC_ISA_USAGE = YES_ERROR;
				CLANG_WARN_DOCUMENTATION_COMMENTS = YES;
				CLANG_WARN_EMPTY_BODY = YES;
				CLANG_WARN_ENUM_CONVERSION = YES;
				CLANG_WARN_INFINITE_RECURSION = YES;
				CLANG_WARN_INT_CONVERSION = YES;
				CLANG_WARN_NON_LITERAL_NULL_CONVERSION = YES;
				CLANG_WARN_OBJC_IMPLICIT_RETAIN_SELF = YES;
				CLANG_WARN_OBJC_LITERAL_CONVERSION = YES;
				CLANG_WARN_OBJC_ROOT_CLASS = YES_ERROR;
				CLANG_WARN_QUOTED_INCLUDE_IN_FRAMEWORK_HEADER = YES;
				CLANG_WARN_RANGE_LOOP_ANALYSIS = YES;
				CLANG_WARN_STRICT_PROTOTYPES = YES;
				CLANG_WARN_SUSPICIOUS_MOVE = YES;
				CLANG_WARN_UNGUARDED_AVAILABILITY = YES_AGGRESSIVE;
				CLANG_WARN_UNREACHABLE_CODE = YES;
				CLANG_WARN__DUPLICATE_METHOD_MATCH = YES;
				COPY_PHASE_STRIP = NO;
				DEBUG_INFORMATION_FORMAT = "dwarf-with-dsym";
				ENABLE_NS_ASSERTIONS = NO;
				ENABLE_STRICT_OBJC_MSGSEND = YES;
				GCC_C_LANGUAGE_STANDARD = gnu11;
				GCC_NO_COMMON_BLOCKS = YES;
				GCC_WARN_64_TO_32_BIT_CONVERSION = YES;
				GCC_WARN_ABOUT_RETURN_TYPE = YES_ERROR;
				GCC_WARN_UNDECLARED_SELECTOR = YES;
				GCC_WARN_UNINITIALIZED_AUTOS = YES_AGGRESSIVE;
				GCC_WARN_UNUSED_FUNCTION = YES;
				GCC_WARN_UNUSED_VARIABLE = YES;
				IPHONEOS_DEPLOYMENT_TARGET = 16.4;
				MTL_ENABLE_DEBUG_INFO = NO;
				MTL_FAST_MATH = YES;
				SDKROOT = iphoneos;
				SWIFT_COMPILATION_MODE = wholemodule;
				SWIFT_OPTIMIZATION_LEVEL = "-O";
				VALIDATE_PRODUCT = YES;
			};
			name = Release;
		};
		B866CF842CFF976400C593FD /* Debug */ = {
			isa = XCBuildConfiguration;
			buildSettings = {
				ASSETCATALOG_COMPILER_APPICON_NAME = AppIcon;
				ASSETCATALOG_COMPILER_GLOBAL_ACCENT_COLOR_NAME = AccentColor;
				CODE_SIGN_STYLE = Automatic;
				CURRENT_PROJECT_VERSION = 1;
				DEVELOPMENT_ASSET_PATHS = "\"Around Egypt/Preview Content\"";
				DEVELOPMENT_TEAM = AK5FR4CXB6;
				ENABLE_PREVIEWS = YES;
				GENERATE_INFOPLIST_FILE = YES;
				INFOPLIST_FILE = "Around-Egypt-Info.plist";
				INFOPLIST_KEY_LSApplicationCategoryType = "";
				INFOPLIST_KEY_UIApplicationSceneManifest_Generation = YES;
				INFOPLIST_KEY_UIApplicationSupportsIndirectInputEvents = YES;
				INFOPLIST_KEY_UILaunchScreen_Generation = YES;
				INFOPLIST_KEY_UISupportedInterfaceOrientations_iPad = "UIInterfaceOrientationPortrait UIInterfaceOrientationPortraitUpsideDown UIInterfaceOrientationLandscapeLeft UIInterfaceOrientationLandscapeRight";
				INFOPLIST_KEY_UISupportedInterfaceOrientations_iPhone = "UIInterfaceOrientationPortrait UIInterfaceOrientationLandscapeLeft UIInterfaceOrientationLandscapeRight";
				LD_RUNPATH_SEARCH_PATHS = (
					"$(inherited)",
					"@executable_path/Frameworks",
				);
				MARKETING_VERSION = 1.0;
				PRODUCT_BUNDLE_IDENTIFIER = "com.abdallahelgedawy.Around-Egypt";
				PRODUCT_NAME = "$(TARGET_NAME)";
				SWIFT_EMIT_LOC_STRINGS = YES;
				SWIFT_VERSION = 5.0;
				TARGETED_DEVICE_FAMILY = "1,2";
			};
			name = Debug;
		};
		B866CF852CFF976400C593FD /* Release */ = {
			isa = XCBuildConfiguration;
			buildSettings = {
				ASSETCATALOG_COMPILER_APPICON_NAME = AppIcon;
				ASSETCATALOG_COMPILER_GLOBAL_ACCENT_COLOR_NAME = AccentColor;
				CODE_SIGN_STYLE = Automatic;
				CURRENT_PROJECT_VERSION = 1;
				DEVELOPMENT_ASSET_PATHS = "\"Around Egypt/Preview Content\"";
				DEVELOPMENT_TEAM = AK5FR4CXB6;
				ENABLE_PREVIEWS = YES;
				GENERATE_INFOPLIST_FILE = YES;
				INFOPLIST_FILE = "Around-Egypt-Info.plist";
				INFOPLIST_KEY_LSApplicationCategoryType = "";
				INFOPLIST_KEY_UIApplicationSceneManifest_Generation = YES;
				INFOPLIST_KEY_UIApplicationSupportsIndirectInputEvents = YES;
				INFOPLIST_KEY_UILaunchScreen_Generation = YES;
				INFOPLIST_KEY_UISupportedInterfaceOrientations_iPad = "UIInterfaceOrientationPortrait UIInterfaceOrientationPortraitUpsideDown UIInterfaceOrientationLandscapeLeft UIInterfaceOrientationLandscapeRight";
				INFOPLIST_KEY_UISupportedInterfaceOrientations_iPhone = "UIInterfaceOrientationPortrait UIInterfaceOrientationLandscapeLeft UIInterfaceOrientationLandscapeRight";
				LD_RUNPATH_SEARCH_PATHS = (
					"$(inherited)",
					"@executable_path/Frameworks",
				);
				MARKETING_VERSION = 1.0;
				PRODUCT_BUNDLE_IDENTIFIER = "com.abdallahelgedawy.Around-Egypt";
				PRODUCT_NAME = "$(TARGET_NAME)";
				SWIFT_EMIT_LOC_STRINGS = YES;
				SWIFT_VERSION = 5.0;
				TARGETED_DEVICE_FAMILY = "1,2";
			};
			name = Release;
		};
		B866CF872CFF976400C593FD /* Debug */ = {
			isa = XCBuildConfiguration;
			buildSettings = {
				ALWAYS_EMBED_SWIFT_STANDARD_LIBRARIES = YES;
				BUNDLE_LOADER = "$(TEST_HOST)";
				CODE_SIGN_STYLE = Automatic;
				CURRENT_PROJECT_VERSION = 1;
				DEVELOPMENT_TEAM = AK5FR4CXB6;
				GENERATE_INFOPLIST_FILE = YES;
				IPHONEOS_DEPLOYMENT_TARGET = 16.4;
				MARKETING_VERSION = 1.0;
				PRODUCT_BUNDLE_IDENTIFIER = "com.abdallahelgedawy.Around-EgyptTests";
				PRODUCT_NAME = "$(TARGET_NAME)";
				SWIFT_EMIT_LOC_STRINGS = NO;
				SWIFT_VERSION = 5.0;
				TARGETED_DEVICE_FAMILY = "1,2";
				TEST_HOST = "$(BUILT_PRODUCTS_DIR)/Around Egypt.app/$(BUNDLE_EXECUTABLE_FOLDER_PATH)/Around Egypt";
			};
			name = Debug;
		};
		B866CF882CFF976400C593FD /* Release */ = {
			isa = XCBuildConfiguration;
			buildSettings = {
				ALWAYS_EMBED_SWIFT_STANDARD_LIBRARIES = YES;
				BUNDLE_LOADER = "$(TEST_HOST)";
				CODE_SIGN_STYLE = Automatic;
				CURRENT_PROJECT_VERSION = 1;
				DEVELOPMENT_TEAM = AK5FR4CXB6;
				GENERATE_INFOPLIST_FILE = YES;
				IPHONEOS_DEPLOYMENT_TARGET = 16.4;
				MARKETING_VERSION = 1.0;
				PRODUCT_BUNDLE_IDENTIFIER = "com.abdallahelgedawy.Around-EgyptTests";
				PRODUCT_NAME = "$(TARGET_NAME)";
				SWIFT_EMIT_LOC_STRINGS = NO;
				SWIFT_VERSION = 5.0;
				TARGETED_DEVICE_FAMILY = "1,2";
				TEST_HOST = "$(BUILT_PRODUCTS_DIR)/Around Egypt.app/$(BUNDLE_EXECUTABLE_FOLDER_PATH)/Around Egypt";
			};
			name = Release;
		};
		B866CF8A2CFF976400C593FD /* Debug */ = {
			isa = XCBuildConfiguration;
			buildSettings = {
				ALWAYS_EMBED_SWIFT_STANDARD_LIBRARIES = YES;
				CODE_SIGN_STYLE = Automatic;
				CURRENT_PROJECT_VERSION = 1;
				DEVELOPMENT_TEAM = AK5FR4CXB6;
				GENERATE_INFOPLIST_FILE = YES;
				MARKETING_VERSION = 1.0;
				PRODUCT_BUNDLE_IDENTIFIER = "com.abdallahelgedawy.Around-EgyptUITests";
				PRODUCT_NAME = "$(TARGET_NAME)";
				SWIFT_EMIT_LOC_STRINGS = NO;
				SWIFT_VERSION = 5.0;
				TARGETED_DEVICE_FAMILY = "1,2";
				TEST_TARGET_NAME = "Around Egypt";
			};
			name = Debug;
		};
		B866CF8B2CFF976400C593FD /* Release */ = {
			isa = XCBuildConfiguration;
			buildSettings = {
				ALWAYS_EMBED_SWIFT_STANDARD_LIBRARIES = YES;
				CODE_SIGN_STYLE = Automatic;
				CURRENT_PROJECT_VERSION = 1;
				DEVELOPMENT_TEAM = AK5FR4CXB6;
				GENERATE_INFOPLIST_FILE = YES;
				MARKETING_VERSION = 1.0;
				PRODUCT_BUNDLE_IDENTIFIER = "com.abdallahelgedawy.Around-EgyptUITests";
				PRODUCT_NAME = "$(TARGET_NAME)";
				SWIFT_EMIT_LOC_STRINGS = NO;
				SWIFT_VERSION = 5.0;
				TARGETED_DEVICE_FAMILY = "1,2";
				TEST_TARGET_NAME = "Around Egypt";
			};
			name = Release;
		};
/* End XCBuildConfiguration section */

/* Begin XCConfigurationList section */
		B866CF552CFF976300C593FD /* Build configuration list for PBXProject "Around Egypt" */ = {
			isa = XCConfigurationList;
			buildConfigurations = (
				B866CF812CFF976400C593FD /* Debug */,
				B866CF822CFF976400C593FD /* Release */,
			);
			defaultConfigurationIsVisible = 0;
			defaultConfigurationName = Release;
		};
		B866CF832CFF976400C593FD /* Build configuration list for PBXNativeTarget "Around Egypt" */ = {
			isa = XCConfigurationList;
			buildConfigurations = (
				B866CF842CFF976400C593FD /* Debug */,
				B866CF852CFF976400C593FD /* Release */,
			);
			defaultConfigurationIsVisible = 0;
			defaultConfigurationName = Release;
		};
		B866CF862CFF976400C593FD /* Build configuration list for PBXNativeTarget "Around EgyptTests" */ = {
			isa = XCConfigurationList;
			buildConfigurations = (
				B866CF872CFF976400C593FD /* Debug */,
				B866CF882CFF976400C593FD /* Release */,
			);
			defaultConfigurationIsVisible = 0;
			defaultConfigurationName = Release;
		};
		B866CF892CFF976400C593FD /* Build configuration list for PBXNativeTarget "Around EgyptUITests" */ = {
			isa = XCConfigurationList;
			buildConfigurations = (
				B866CF8A2CFF976400C593FD /* Debug */,
				B866CF8B2CFF976400C593FD /* Release */,
			);
			defaultConfigurationIsVisible = 0;
			defaultConfigurationName = Release;
		};
/* End XCConfigurationList section */

/* Begin XCVersionGroup section */
		B866CF682CFF976400C593FD /* Around_Egypt.xcdatamodeld */ = {
			isa = XCVersionGroup;
			children = (
				B866CF692CFF976400C593FD /* Around_Egypt.xcdatamodel */,
			);
			currentVersion = B866CF692CFF976400C593FD /* Around_Egypt.xcdatamodel */;
			path = Around_Egypt.xcdatamodeld;
			sourceTree = "<group>";
			versionGroupType = wrapper.xcdatamodel;
		};
/* End XCVersionGroup section */
	};
	rootObject = B866CF522CFF976300C593FD /* Project object */;
}
